// !$*UTF8*$!
{
	archiveVersion = 1;
	classes = {
	};
	objectVersion = 56;
	objects = {

/* Begin PBXBuildFile section */
		7CE513AE2B4FC62C00DD146A /* ImagesListCell.swift in Sources */ = {isa = PBXBuildFile; fileRef = 7CE513AD2B4FC62C00DD146A /* ImagesListCell.swift */; };
		840FEB4D2B6A0B100076067E /* UIFont+Extentions.swift in Sources */ = {isa = PBXBuildFile; fileRef = 840FEB4C2B6A0B100076067E /* UIFont+Extentions.swift */; };
		840FEB502B748E990076067E /* WebViewViewController.swift in Sources */ = {isa = PBXBuildFile; fileRef = 840FEB4F2B748E990076067E /* WebViewViewController.swift */; };
		841FDACC2B58EFA90001C286 /* ProfileViewController.swift in Sources */ = {isa = PBXBuildFile; fileRef = 841FDACB2B58EFA90001C286 /* ProfileViewController.swift */; };
		841FDAD02B5A41D80001C286 /* SingleImageViewController.swift in Sources */ = {isa = PBXBuildFile; fileRef = 841FDACF2B5A41D80001C286 /* SingleImageViewController.swift */; };
		847B024F2B5F17D9005CC977 /* PanZoomImageView.swift in Sources */ = {isa = PBXBuildFile; fileRef = 847B024E2B5F17D9005CC977 /* PanZoomImageView.swift */; };
		8484F8102B749BB5006D0AF5 /* WebViewViewControllerDelegate.swift in Sources */ = {isa = PBXBuildFile; fileRef = 8484F80F2B749BB5006D0AF5 /* WebViewViewControllerDelegate.swift */; };
		8484F8122B78ED1F006D0AF5 /* OAuthTokenResponse.swift in Sources */ = {isa = PBXBuildFile; fileRef = 8484F8112B78ED1F006D0AF5 /* OAuthTokenResponse.swift */; };
		8484F8142B78EDFF006D0AF5 /* OAuthService.swift in Sources */ = {isa = PBXBuildFile; fileRef = 8484F8132B78EDFF006D0AF5 /* OAuthService.swift */; };
		8484F8182B78F4CD006D0AF5 /* OAuthServiceProtocol.swift in Sources */ = {isa = PBXBuildFile; fileRef = 8484F8172B78F4CD006D0AF5 /* OAuthServiceProtocol.swift */; };
		8484F81A2B791891006D0AF5 /* NetworkClient.swift in Sources */ = {isa = PBXBuildFile; fileRef = 8484F8192B791891006D0AF5 /* NetworkClient.swift */; };
		8484F81C2B791894006D0AF5 /* NetworkClientProtocol.swift in Sources */ = {isa = PBXBuildFile; fileRef = 8484F81B2B791894006D0AF5 /* NetworkClientProtocol.swift */; };
		8484F81F2B795461006D0AF5 /* URLRequest+Extentions.swift in Sources */ = {isa = PBXBuildFile; fileRef = 8484F81E2B795461006D0AF5 /* URLRequest+Extentions.swift */; };
		8484F8292B7AA416006D0AF5 /* OAuthTokenStorage.swift in Sources */ = {isa = PBXBuildFile; fileRef = 8484F8272B7AA416006D0AF5 /* OAuthTokenStorage.swift */; };
		8484F82A2B7AA416006D0AF5 /* OAuthTokenStorageProtocol.swift in Sources */ = {isa = PBXBuildFile; fileRef = 8484F8282B7AA416006D0AF5 /* OAuthTokenStorageProtocol.swift */; };
		8484F82C2B7AB73C006D0AF5 /* SplashViewController.swift in Sources */ = {isa = PBXBuildFile; fileRef = 8484F82B2B7AB73B006D0AF5 /* SplashViewController.swift */; };
		8484F82E2B7ABEBA006D0AF5 /* AuthViewControllerDelegate.swift in Sources */ = {isa = PBXBuildFile; fileRef = 8484F82D2B7ABEBA006D0AF5 /* AuthViewControllerDelegate.swift */; };
		84A9F0E82B8B557A00EC6307 /* UIBlockingProgressHUD.swift in Sources */ = {isa = PBXBuildFile; fileRef = 84A9F0E72B8B557A00EC6307 /* UIBlockingProgressHUD.swift */; };
		84A9F0EC2B8B591000EC6307 /* ProfileResponse.swift in Sources */ = {isa = PBXBuildFile; fileRef = 84A9F0EB2B8B591000EC6307 /* ProfileResponse.swift */; };
		84A9F0EE2B8B5BE300EC6307 /* Profile.swift in Sources */ = {isa = PBXBuildFile; fileRef = 84A9F0ED2B8B5BE300EC6307 /* Profile.swift */; };
		84A9F0FA2B8B5FD800EC6307 /* ProfileService.swift in Sources */ = {isa = PBXBuildFile; fileRef = 84A9F0F92B8B5FD800EC6307 /* ProfileService.swift */; };
		84A9F0FC2B8B62E500EC6307 /* ProfileServiceProtocol.swift in Sources */ = {isa = PBXBuildFile; fileRef = 84A9F0FB2B8B62E500EC6307 /* ProfileServiceProtocol.swift */; };
		84EA0D2C2B8B8B1F00CA0CF7 /* NetworkBaseConstants.swift in Sources */ = {isa = PBXBuildFile; fileRef = 84EA0D2B2B8B8B1F00CA0CF7 /* NetworkBaseConstants.swift */; };
		84EA0D2E2B8B8B7900CA0CF7 /* NetworkProfileConstants.swift in Sources */ = {isa = PBXBuildFile; fileRef = 84EA0D2D2B8B8B7900CA0CF7 /* NetworkProfileConstants.swift */; };
		84ED9C582B51F49F00BB8102 /* GradientView.swift in Sources */ = {isa = PBXBuildFile; fileRef = 84ED9C572B51F49F00BB8102 /* GradientView.swift */; };
		84ED9C5A2B52806400BB8102 /* Date+Extensions.swift in Sources */ = {isa = PBXBuildFile; fileRef = 84ED9C592B52806400BB8102 /* Date+Extensions.swift */; };
		84ED9C6C2B52898D00BB8102 /* YS Display-Medium.ttf in Resources */ = {isa = PBXBuildFile; fileRef = 84ED9C6A2B52898D00BB8102 /* YS Display-Medium.ttf */; };
		84ED9C6D2B52898D00BB8102 /* YS Display-Bold.ttf in Resources */ = {isa = PBXBuildFile; fileRef = 84ED9C6B2B52898D00BB8102 /* YS Display-Bold.ttf */; };
		F554FB562B6FD93000241D83 /* NetworkAuthConstants.swift in Sources */ = {isa = PBXBuildFile; fileRef = F554FB552B6FD93000241D83 /* NetworkAuthConstants.swift */; };
		F554FB5A2B70A69B00241D83 /* AuthViewController.swift in Sources */ = {isa = PBXBuildFile; fileRef = F554FB592B70A69B00241D83 /* AuthViewController.swift */; };
		F5773D7C2B7CA01B00D62D7D /* Readme.md in Resources */ = {isa = PBXBuildFile; fileRef = F5773D7B2B7CA01B00D62D7D /* Readme.md */; };
		F58494832B8222C4004EA7F5 /* TabBarViewController.swift in Sources */ = {isa = PBXBuildFile; fileRef = F58494822B8222C4004EA7F5 /* TabBarViewController.swift */; };
		F58494862B83CBFC004EA7F5 /* ProgressHUD in Frameworks */ = {isa = PBXBuildFile; productRef = F58494852B83CBFC004EA7F5 /* ProgressHUD */; };
		F5BF84FC2B49EE89007CC292 /* AppDelegate.swift in Sources */ = {isa = PBXBuildFile; fileRef = F5BF84FB2B49EE89007CC292 /* AppDelegate.swift */; };
		F5BF84FE2B49EE89007CC292 /* SceneDelegate.swift in Sources */ = {isa = PBXBuildFile; fileRef = F5BF84FD2B49EE89007CC292 /* SceneDelegate.swift */; };
		F5BF85002B49EE89007CC292 /* ImagesListViewController.swift in Sources */ = {isa = PBXBuildFile; fileRef = F5BF84FF2B49EE89007CC292 /* ImagesListViewController.swift */; };
		F5BF85052B49EE8B007CC292 /* Assets.xcassets in Resources */ = {isa = PBXBuildFile; fileRef = F5BF85042B49EE8B007CC292 /* Assets.xcassets */; };
		F5BF85082B49EE8B007CC292 /* LaunchScreen.storyboard in Resources */ = {isa = PBXBuildFile; fileRef = F5BF85062B49EE8B007CC292 /* LaunchScreen.storyboard */; };
/* End PBXBuildFile section */

/* Begin PBXFileReference section */
		7CE513AD2B4FC62C00DD146A /* ImagesListCell.swift */ = {isa = PBXFileReference; lastKnownFileType = sourcecode.swift; path = ImagesListCell.swift; sourceTree = "<group>"; };
		840FEB4C2B6A0B100076067E /* UIFont+Extentions.swift */ = {isa = PBXFileReference; lastKnownFileType = sourcecode.swift; path = "UIFont+Extentions.swift"; sourceTree = "<group>"; };
		840FEB4F2B748E990076067E /* WebViewViewController.swift */ = {isa = PBXFileReference; lastKnownFileType = sourcecode.swift; path = WebViewViewController.swift; sourceTree = "<group>"; };
		841FDACB2B58EFA90001C286 /* ProfileViewController.swift */ = {isa = PBXFileReference; lastKnownFileType = sourcecode.swift; path = ProfileViewController.swift; sourceTree = "<group>"; };
		841FDACF2B5A41D80001C286 /* SingleImageViewController.swift */ = {isa = PBXFileReference; lastKnownFileType = sourcecode.swift; path = SingleImageViewController.swift; sourceTree = "<group>"; };
		847B024E2B5F17D9005CC977 /* PanZoomImageView.swift */ = {isa = PBXFileReference; lastKnownFileType = sourcecode.swift; path = PanZoomImageView.swift; sourceTree = "<group>"; };
		8484F80F2B749BB5006D0AF5 /* WebViewViewControllerDelegate.swift */ = {isa = PBXFileReference; lastKnownFileType = sourcecode.swift; path = WebViewViewControllerDelegate.swift; sourceTree = "<group>"; };
		8484F8112B78ED1F006D0AF5 /* OAuthTokenResponse.swift */ = {isa = PBXFileReference; lastKnownFileType = sourcecode.swift; path = OAuthTokenResponse.swift; sourceTree = "<group>"; };
		8484F8132B78EDFF006D0AF5 /* OAuthService.swift */ = {isa = PBXFileReference; lastKnownFileType = sourcecode.swift; path = OAuthService.swift; sourceTree = "<group>"; };
		8484F8172B78F4CD006D0AF5 /* OAuthServiceProtocol.swift */ = {isa = PBXFileReference; lastKnownFileType = sourcecode.swift; path = OAuthServiceProtocol.swift; sourceTree = "<group>"; };
		8484F8192B791891006D0AF5 /* NetworkClient.swift */ = {isa = PBXFileReference; lastKnownFileType = sourcecode.swift; path = NetworkClient.swift; sourceTree = "<group>"; };
		8484F81B2B791894006D0AF5 /* NetworkClientProtocol.swift */ = {isa = PBXFileReference; lastKnownFileType = sourcecode.swift; path = NetworkClientProtocol.swift; sourceTree = "<group>"; };
		8484F81E2B795461006D0AF5 /* URLRequest+Extentions.swift */ = {isa = PBXFileReference; lastKnownFileType = sourcecode.swift; path = "URLRequest+Extentions.swift"; sourceTree = "<group>"; };
		8484F8272B7AA416006D0AF5 /* OAuthTokenStorage.swift */ = {isa = PBXFileReference; fileEncoding = 4; lastKnownFileType = sourcecode.swift; path = OAuthTokenStorage.swift; sourceTree = "<group>"; };
		8484F8282B7AA416006D0AF5 /* OAuthTokenStorageProtocol.swift */ = {isa = PBXFileReference; fileEncoding = 4; lastKnownFileType = sourcecode.swift; path = OAuthTokenStorageProtocol.swift; sourceTree = "<group>"; };
		8484F82B2B7AB73B006D0AF5 /* SplashViewController.swift */ = {isa = PBXFileReference; lastKnownFileType = sourcecode.swift; path = SplashViewController.swift; sourceTree = "<group>"; };
		8484F82D2B7ABEBA006D0AF5 /* AuthViewControllerDelegate.swift */ = {isa = PBXFileReference; lastKnownFileType = sourcecode.swift; path = AuthViewControllerDelegate.swift; sourceTree = "<group>"; };
		84A9F0E72B8B557A00EC6307 /* UIBlockingProgressHUD.swift */ = {isa = PBXFileReference; lastKnownFileType = sourcecode.swift; path = UIBlockingProgressHUD.swift; sourceTree = "<group>"; };
		84A9F0EB2B8B591000EC6307 /* ProfileResponse.swift */ = {isa = PBXFileReference; lastKnownFileType = sourcecode.swift; path = ProfileResponse.swift; sourceTree = "<group>"; };
		84A9F0ED2B8B5BE300EC6307 /* Profile.swift */ = {isa = PBXFileReference; lastKnownFileType = sourcecode.swift; path = Profile.swift; sourceTree = "<group>"; };
		84A9F0F92B8B5FD800EC6307 /* ProfileService.swift */ = {isa = PBXFileReference; lastKnownFileType = sourcecode.swift; path = ProfileService.swift; sourceTree = "<group>"; };
		84A9F0FB2B8B62E500EC6307 /* ProfileServiceProtocol.swift */ = {isa = PBXFileReference; lastKnownFileType = sourcecode.swift; path = ProfileServiceProtocol.swift; sourceTree = "<group>"; };
		84EA0D2B2B8B8B1F00CA0CF7 /* NetworkBaseConstants.swift */ = {isa = PBXFileReference; lastKnownFileType = sourcecode.swift; path = NetworkBaseConstants.swift; sourceTree = "<group>"; };
		84EA0D2D2B8B8B7900CA0CF7 /* NetworkProfileConstants.swift */ = {isa = PBXFileReference; lastKnownFileType = sourcecode.swift; path = NetworkProfileConstants.swift; sourceTree = "<group>"; };
		84ED9C572B51F49F00BB8102 /* GradientView.swift */ = {isa = PBXFileReference; lastKnownFileType = sourcecode.swift; path = GradientView.swift; sourceTree = "<group>"; };
		84ED9C592B52806400BB8102 /* Date+Extensions.swift */ = {isa = PBXFileReference; fileEncoding = 4; lastKnownFileType = sourcecode.swift; path = "Date+Extensions.swift"; sourceTree = "<group>"; };
		84ED9C6A2B52898D00BB8102 /* YS Display-Medium.ttf */ = {isa = PBXFileReference; lastKnownFileType = file; path = "YS Display-Medium.ttf"; sourceTree = "<group>"; };
		84ED9C6B2B52898D00BB8102 /* YS Display-Bold.ttf */ = {isa = PBXFileReference; lastKnownFileType = file; path = "YS Display-Bold.ttf"; sourceTree = "<group>"; };
		F554FB552B6FD93000241D83 /* NetworkAuthConstants.swift */ = {isa = PBXFileReference; lastKnownFileType = sourcecode.swift; path = NetworkAuthConstants.swift; sourceTree = "<group>"; };
		F554FB592B70A69B00241D83 /* AuthViewController.swift */ = {isa = PBXFileReference; lastKnownFileType = sourcecode.swift; path = AuthViewController.swift; sourceTree = "<group>"; };
		F5773D7B2B7CA01B00D62D7D /* Readme.md */ = {isa = PBXFileReference; lastKnownFileType = net.daringfireball.markdown; path = Readme.md; sourceTree = "<group>"; };
		F58494822B8222C4004EA7F5 /* TabBarViewController.swift */ = {isa = PBXFileReference; lastKnownFileType = sourcecode.swift; path = TabBarViewController.swift; sourceTree = "<group>"; };
		F5BF84F82B49EE89007CC292 /* ImageFeed.app */ = {isa = PBXFileReference; explicitFileType = wrapper.application; includeInIndex = 0; path = ImageFeed.app; sourceTree = BUILT_PRODUCTS_DIR; };
		F5BF84FB2B49EE89007CC292 /* AppDelegate.swift */ = {isa = PBXFileReference; lastKnownFileType = sourcecode.swift; path = AppDelegate.swift; sourceTree = "<group>"; };
		F5BF84FD2B49EE89007CC292 /* SceneDelegate.swift */ = {isa = PBXFileReference; lastKnownFileType = sourcecode.swift; path = SceneDelegate.swift; sourceTree = "<group>"; };
		F5BF84FF2B49EE89007CC292 /* ImagesListViewController.swift */ = {isa = PBXFileReference; lastKnownFileType = sourcecode.swift; path = ImagesListViewController.swift; sourceTree = "<group>"; };
		F5BF85042B49EE8B007CC292 /* Assets.xcassets */ = {isa = PBXFileReference; lastKnownFileType = folder.assetcatalog; path = Assets.xcassets; sourceTree = "<group>"; };
		F5BF85072B49EE8B007CC292 /* Base */ = {isa = PBXFileReference; lastKnownFileType = file.storyboard; name = Base; path = Base.lproj/LaunchScreen.storyboard; sourceTree = "<group>"; };
		F5BF85092B49EE8B007CC292 /* Info.plist */ = {isa = PBXFileReference; lastKnownFileType = text.plist.xml; path = Info.plist; sourceTree = "<group>"; };
/* End PBXFileReference section */

/* Begin PBXFrameworksBuildPhase section */
		F5BF84F52B49EE89007CC292 /* Frameworks */ = {
			isa = PBXFrameworksBuildPhase;
			buildActionMask = 2147483647;
			files = (
				F58494862B83CBFC004EA7F5 /* ProgressHUD in Frameworks */,
			);
			runOnlyForDeploymentPostprocessing = 0;
		};
/* End PBXFrameworksBuildPhase section */

/* Begin PBXGroup section */
		7CE513AF2B4FC65E00DD146A /* ImageList */ = {
			isa = PBXGroup;
			children = (
				841FDACF2B5A41D80001C286 /* SingleImageViewController.swift */,
				7CE513AD2B4FC62C00DD146A /* ImagesListCell.swift */,
				F5BF84FF2B49EE89007CC292 /* ImagesListViewController.swift */,
			);
			path = ImageList;
			sourceTree = "<group>";
		};
		840C3F0D2B5F74DE002BAA0F /* Components */ = {
			isa = PBXGroup;
			children = (
				84ED9C572B51F49F00BB8102 /* GradientView.swift */,
				847B024E2B5F17D9005CC977 /* PanZoomImageView.swift */,
				84A9F0E72B8B557A00EC6307 /* UIBlockingProgressHUD.swift */,
			);
			path = Components;
			sourceTree = "<group>";
		};
		840C3F0E2B5F750D002BAA0F /* Utils */ = {
			isa = PBXGroup;
			children = (
				84ED9C592B52806400BB8102 /* Date+Extensions.swift */,
				840FEB4C2B6A0B100076067E /* UIFont+Extentions.swift */,
			);
			path = Utils;
			sourceTree = "<group>";
		};
		840C3F0F2B5F754C002BAA0F /* Presentation */ = {
			isa = PBXGroup;
			children = (
				8484F82B2B7AB73B006D0AF5 /* SplashViewController.swift */,
				F58494822B8222C4004EA7F5 /* TabBarViewController.swift */,
			);
			path = Presentation;
			sourceTree = "<group>";
		};
		8484F81D2B791A78006D0AF5 /* Models */ = {
			isa = PBXGroup;
			children = (
				8484F8112B78ED1F006D0AF5 /* OAuthTokenResponse.swift */,
			);
			path = Models;
			sourceTree = "<group>";
		};
		8484F8202B7954A1006D0AF5 /* Network */ = {
			isa = PBXGroup;
			children = (
				8484F81E2B795461006D0AF5 /* URLRequest+Extentions.swift */,
				8484F81B2B791894006D0AF5 /* NetworkClientProtocol.swift */,
				8484F8192B791891006D0AF5 /* NetworkClient.swift */,
				84EA0D2B2B8B8B1F00CA0CF7 /* NetworkBaseConstants.swift */,
			);
			path = Network;
			sourceTree = "<group>";
		};
		8484F8242B7AA24F006D0AF5 /* Service */ = {
			isa = PBXGroup;
			children = (
				8484F8272B7AA416006D0AF5 /* OAuthTokenStorage.swift */,
				8484F8282B7AA416006D0AF5 /* OAuthTokenStorageProtocol.swift */,
			);
			path = Service;
			sourceTree = "<group>";
		};
		84A9F0EF2B8B5D8A00EC6307 /* Auth */ = {
			isa = PBXGroup;
			children = (
				84A9F0F12B8B5E1900EC6307 /* Presentation */,
				8484F8242B7AA24F006D0AF5 /* Service */,
				8484F81D2B791A78006D0AF5 /* Models */,
				84A9F0F02B8B5DA400EC6307 /* Network */,
			);
			path = Auth;
			sourceTree = "<group>";
		};
		84A9F0F02B8B5DA400EC6307 /* Network */ = {
			isa = PBXGroup;
			children = (
				F554FB552B6FD93000241D83 /* NetworkAuthConstants.swift */,
				8484F8132B78EDFF006D0AF5 /* OAuthService.swift */,
				8484F8172B78F4CD006D0AF5 /* OAuthServiceProtocol.swift */,
			);
			path = Network;
			sourceTree = "<group>";
		};
		84A9F0F12B8B5E1900EC6307 /* Presentation */ = {
			isa = PBXGroup;
			children = (
				F554FB592B70A69B00241D83 /* AuthViewController.swift */,
				840FEB4F2B748E990076067E /* WebViewViewController.swift */,
				8484F80F2B749BB5006D0AF5 /* WebViewViewControllerDelegate.swift */,
				8484F82D2B7ABEBA006D0AF5 /* AuthViewControllerDelegate.swift */,
			);
			path = Presentation;
			sourceTree = "<group>";
		};
		84A9F0F22B8B5E4500EC6307 /* Profile */ = {
			isa = PBXGroup;
			children = (
				84A9F0F82B8B5F6600EC6307 /* Model */,
				84A9F0F72B8B5F5A00EC6307 /* Presentation */,
				84A9F0F62B8B5F4A00EC6307 /* Services */,
				84A9F0F52B8B5F4100EC6307 /* Network */,
			);
			path = Profile;
			sourceTree = "<group>";
		};
		84A9F0F32B8B5E7A00EC6307 /* Feed */ = {
			isa = PBXGroup;
			children = (
				84A9F0F42B8B5F2000EC6307 /* Presentation */,
			);
			path = Feed;
			sourceTree = "<group>";
		};
		84A9F0F42B8B5F2000EC6307 /* Presentation */ = {
			isa = PBXGroup;
			children = (
				7CE513AF2B4FC65E00DD146A /* ImageList */,
			);
			path = Presentation;
			sourceTree = "<group>";
		};
		84A9F0F52B8B5F4100EC6307 /* Network */ = {
			isa = PBXGroup;
			children = (
				84A9F0F92B8B5FD800EC6307 /* ProfileService.swift */,
				84A9F0FB2B8B62E500EC6307 /* ProfileServiceProtocol.swift */,
				84EA0D2D2B8B8B7900CA0CF7 /* NetworkProfileConstants.swift */,
			);
			path = Network;
			sourceTree = "<group>";
		};
		84A9F0F62B8B5F4A00EC6307 /* Services */ = {
			isa = PBXGroup;
			children = (
			);
			path = Services;
			sourceTree = "<group>";
		};
		84A9F0F72B8B5F5A00EC6307 /* Presentation */ = {
			isa = PBXGroup;
			children = (
				841FDACB2B58EFA90001C286 /* ProfileViewController.swift */,
			);
			path = Presentation;
			sourceTree = "<group>";
		};
		84A9F0F82B8B5F6600EC6307 /* Model */ = {
			isa = PBXGroup;
			children = (
				84A9F0ED2B8B5BE300EC6307 /* Profile.swift */,
				84A9F0EB2B8B591000EC6307 /* ProfileResponse.swift */,
			);
			path = Model;
			sourceTree = "<group>";
		};
		84ED9C5F2B52876D00BB8102 /* Fonts */ = {
			isa = PBXGroup;
			children = (
				84ED9C6B2B52898D00BB8102 /* YS Display-Bold.ttf */,
				84ED9C6A2B52898D00BB8102 /* YS Display-Medium.ttf */,
			);
			path = Fonts;
			sourceTree = "<group>";
		};
		F5BF84EF2B49EE89007CC292 = {
			isa = PBXGroup;
			children = (
				F5BF84FA2B49EE89007CC292 /* ImageFeed */,
				F5BF84F92B49EE89007CC292 /* Products */,
				F5773D7B2B7CA01B00D62D7D /* Readme.md */,
			);
			sourceTree = "<group>";
		};
		F5BF84F92B49EE89007CC292 /* Products */ = {
			isa = PBXGroup;
			children = (
				F5BF84F82B49EE89007CC292 /* ImageFeed.app */,
			);
			name = Products;
			sourceTree = "<group>";
		};
		F5BF84FA2B49EE89007CC292 /* ImageFeed */ = {
			isa = PBXGroup;
			children = (
				84A9F0F32B8B5E7A00EC6307 /* Feed */,
				84A9F0F22B8B5E4500EC6307 /* Profile */,
				84A9F0EF2B8B5D8A00EC6307 /* Auth */,
				8484F8202B7954A1006D0AF5 /* Network */,
				840C3F0F2B5F754C002BAA0F /* Presentation */,
				840C3F0E2B5F750D002BAA0F /* Utils */,
				F5BF84FB2B49EE89007CC292 /* AppDelegate.swift */,
				840C3F0D2B5F74DE002BAA0F /* Components */,
				F5BF84FD2B49EE89007CC292 /* SceneDelegate.swift */,
				F5BF85042B49EE8B007CC292 /* Assets.xcassets */,
				84ED9C5F2B52876D00BB8102 /* Fonts */,
				F5BF85092B49EE8B007CC292 /* Info.plist */,
				F5BF85062B49EE8B007CC292 /* LaunchScreen.storyboard */,
			);
			path = ImageFeed;
			sourceTree = "<group>";
		};
/* End PBXGroup section */

/* Begin PBXNativeTarget section */
		F5BF84F72B49EE89007CC292 /* ImageFeed */ = {
			isa = PBXNativeTarget;
			buildConfigurationList = F5BF850C2B49EE8B007CC292 /* Build configuration list for PBXNativeTarget "ImageFeed" */;
			buildPhases = (
				F5BF84F42B49EE89007CC292 /* Sources */,
				F5BF84F52B49EE89007CC292 /* Frameworks */,
				F5BF84F62B49EE89007CC292 /* Resources */,
			);
			buildRules = (
			);
			dependencies = (
			);
			name = ImageFeed;
			packageProductDependencies = (
				F58494852B83CBFC004EA7F5 /* ProgressHUD */,
			);
			productName = ImageFeed;
			productReference = F5BF84F82B49EE89007CC292 /* ImageFeed.app */;
			productType = "com.apple.product-type.application";
		};
/* End PBXNativeTarget section */

/* Begin PBXProject section */
		F5BF84F02B49EE89007CC292 /* Project object */ = {
			isa = PBXProject;
			attributes = {
				BuildIndependentTargetsInParallel = 1;
				LastSwiftUpdateCheck = 1500;
				LastUpgradeCheck = 1500;
				TargetAttributes = {
					F5BF84F72B49EE89007CC292 = {
						CreatedOnToolsVersion = 15.0.1;
					};
				};
			};
			buildConfigurationList = F5BF84F32B49EE89007CC292 /* Build configuration list for PBXProject "ImageFeed" */;
			compatibilityVersion = "Xcode 14.0";
			developmentRegion = en;
			hasScannedForEncodings = 0;
			knownRegions = (
				en,
				Base,
			);
			mainGroup = F5BF84EF2B49EE89007CC292;
			packageReferences = (
				F58494842B83CBFC004EA7F5 /* XCRemoteSwiftPackageReference "ProgressHUD" */,
			);
			productRefGroup = F5BF84F92B49EE89007CC292 /* Products */;
			projectDirPath = "";
			projectRoot = "";
			targets = (
				F5BF84F72B49EE89007CC292 /* ImageFeed */,
			);
		};
/* End PBXProject section */

/* Begin PBXResourcesBuildPhase section */
		F5BF84F62B49EE89007CC292 /* Resources */ = {
			isa = PBXResourcesBuildPhase;
			buildActionMask = 2147483647;
			files = (
				F5BF85082B49EE8B007CC292 /* LaunchScreen.storyboard in Resources */,
				84ED9C6C2B52898D00BB8102 /* YS Display-Medium.ttf in Resources */,
				F5773D7C2B7CA01B00D62D7D /* Readme.md in Resources */,
				84ED9C6D2B52898D00BB8102 /* YS Display-Bold.ttf in Resources */,
				F5BF85052B49EE8B007CC292 /* Assets.xcassets in Resources */,
			);
			runOnlyForDeploymentPostprocessing = 0;
		};
/* End PBXResourcesBuildPhase section */

/* Begin PBXSourcesBuildPhase section */
		F5BF84F42B49EE89007CC292 /* Sources */ = {
			isa = PBXSourcesBuildPhase;
			buildActionMask = 2147483647;
			files = (
				84A9F0FC2B8B62E500EC6307 /* ProfileServiceProtocol.swift in Sources */,
				8484F81A2B791891006D0AF5 /* NetworkClient.swift in Sources */,
				840FEB502B748E990076067E /* WebViewViewController.swift in Sources */,
				84A9F0EE2B8B5BE300EC6307 /* Profile.swift in Sources */,
				847B024F2B5F17D9005CC977 /* PanZoomImageView.swift in Sources */,
				F554FB562B6FD93000241D83 /* NetworkAuthConstants.swift in Sources */,
				8484F8122B78ED1F006D0AF5 /* OAuthTokenResponse.swift in Sources */,
				84EA0D2E2B8B8B7900CA0CF7 /* NetworkProfileConstants.swift in Sources */,
				84A9F0EC2B8B591000EC6307 /* ProfileResponse.swift in Sources */,
				F5BF85002B49EE89007CC292 /* ImagesListViewController.swift in Sources */,
				84EA0D2C2B8B8B1F00CA0CF7 /* NetworkBaseConstants.swift in Sources */,
				7CE513AE2B4FC62C00DD146A /* ImagesListCell.swift in Sources */,
				8484F8102B749BB5006D0AF5 /* WebViewViewControllerDelegate.swift in Sources */,
				8484F81C2B791894006D0AF5 /* NetworkClientProtocol.swift in Sources */,
				84ED9C582B51F49F00BB8102 /* GradientView.swift in Sources */,
				8484F82A2B7AA416006D0AF5 /* OAuthTokenStorageProtocol.swift in Sources */,
				8484F8292B7AA416006D0AF5 /* OAuthTokenStorage.swift in Sources */,
				8484F8182B78F4CD006D0AF5 /* OAuthServiceProtocol.swift in Sources */,
				F58494832B8222C4004EA7F5 /* TabBarViewController.swift in Sources */,
				F5BF84FC2B49EE89007CC292 /* AppDelegate.swift in Sources */,
				8484F82C2B7AB73C006D0AF5 /* SplashViewController.swift in Sources */,
				8484F8142B78EDFF006D0AF5 /* OAuthService.swift in Sources */,
				841FDACC2B58EFA90001C286 /* ProfileViewController.swift in Sources */,
				8484F82E2B7ABEBA006D0AF5 /* AuthViewControllerDelegate.swift in Sources */,
				84A9F0E82B8B557A00EC6307 /* UIBlockingProgressHUD.swift in Sources */,
				F554FB5A2B70A69B00241D83 /* AuthViewController.swift in Sources */,
				F5BF84FE2B49EE89007CC292 /* SceneDelegate.swift in Sources */,
				841FDAD02B5A41D80001C286 /* SingleImageViewController.swift in Sources */,
				84ED9C5A2B52806400BB8102 /* Date+Extensions.swift in Sources */,
				8484F81F2B795461006D0AF5 /* URLRequest+Extentions.swift in Sources */,
				840FEB4D2B6A0B100076067E /* UIFont+Extentions.swift in Sources */,
				84A9F0FA2B8B5FD800EC6307 /* ProfileService.swift in Sources */,
			);
			runOnlyForDeploymentPostprocessing = 0;
		};
/* End PBXSourcesBuildPhase section */

/* Begin PBXVariantGroup section */
		F5BF85062B49EE8B007CC292 /* LaunchScreen.storyboard */ = {
			isa = PBXVariantGroup;
			children = (
				F5BF85072B49EE8B007CC292 /* Base */,
			);
			name = LaunchScreen.storyboard;
			sourceTree = "<group>";
		};
/* End PBXVariantGroup section */

/* Begin XCBuildConfiguration section */
		F5BF850A2B49EE8B007CC292 /* Debug */ = {
			isa = XCBuildConfiguration;
			buildSettings = {
				ALWAYS_SEARCH_USER_PATHS = NO;
				ASSETCATALOG_COMPILER_GENERATE_SWIFT_ASSET_SYMBOL_EXTENSIONS = YES;
				CLANG_ANALYZER_NONNULL = YES;
				CLANG_ANALYZER_NUMBER_OBJECT_CONVERSION = YES_AGGRESSIVE;
				CLANG_CXX_LANGUAGE_STANDARD = "gnu++20";
				CLANG_ENABLE_MODULES = YES;
				CLANG_ENABLE_OBJC_ARC = YES;
				CLANG_ENABLE_OBJC_WEAK = YES;
				CLANG_WARN_BLOCK_CAPTURE_AUTORELEASING = YES;
				CLANG_WARN_BOOL_CONVERSION = YES;
				CLANG_WARN_COMMA = YES;
				CLANG_WARN_CONSTANT_CONVERSION = YES;
				CLANG_WARN_DEPRECATED_OBJC_IMPLEMENTATIONS = YES;
				CLANG_WARN_DIRECT_OBJC_ISA_USAGE = YES_ERROR;
				CLANG_WARN_DOCUMENTATION_COMMENTS = YES;
				CLANG_WARN_EMPTY_BODY = YES;
				CLANG_WARN_ENUM_CONVERSION = YES;
				CLANG_WARN_INFINITE_RECURSION = YES;
				CLANG_WARN_INT_CONVERSION = YES;
				CLANG_WARN_NON_LITERAL_NULL_CONVERSION = YES;
				CLANG_WARN_OBJC_IMPLICIT_RETAIN_SELF = YES;
				CLANG_WARN_OBJC_LITERAL_CONVERSION = YES;
				CLANG_WARN_OBJC_ROOT_CLASS = YES_ERROR;
				CLANG_WARN_QUOTED_INCLUDE_IN_FRAMEWORK_HEADER = YES;
				CLANG_WARN_RANGE_LOOP_ANALYSIS = YES;
				CLANG_WARN_STRICT_PROTOTYPES = YES;
				CLANG_WARN_SUSPICIOUS_MOVE = YES;
				CLANG_WARN_UNGUARDED_AVAILABILITY = YES_AGGRESSIVE;
				CLANG_WARN_UNREACHABLE_CODE = YES;
				CLANG_WARN__DUPLICATE_METHOD_MATCH = YES;
				COPY_PHASE_STRIP = NO;
				DEBUG_INFORMATION_FORMAT = dwarf;
				ENABLE_STRICT_OBJC_MSGSEND = YES;
				ENABLE_TESTABILITY = YES;
				ENABLE_USER_SCRIPT_SANDBOXING = YES;
				GCC_C_LANGUAGE_STANDARD = gnu17;
				GCC_DYNAMIC_NO_PIC = NO;
				GCC_NO_COMMON_BLOCKS = YES;
				GCC_OPTIMIZATION_LEVEL = 0;
				GCC_PREPROCESSOR_DEFINITIONS = (
					"DEBUG=1",
					"$(inherited)",
				);
				GCC_WARN_64_TO_32_BIT_CONVERSION = YES;
				GCC_WARN_ABOUT_RETURN_TYPE = YES_ERROR;
				GCC_WARN_UNDECLARED_SELECTOR = YES;
				GCC_WARN_UNINITIALIZED_AUTOS = YES_AGGRESSIVE;
				GCC_WARN_UNUSED_FUNCTION = YES;
				GCC_WARN_UNUSED_VARIABLE = YES;
				IPHONEOS_DEPLOYMENT_TARGET = 13.0;
				LOCALIZATION_PREFERS_STRING_CATALOGS = YES;
				MTL_ENABLE_DEBUG_INFO = INCLUDE_SOURCE;
				MTL_FAST_MATH = YES;
				ONLY_ACTIVE_ARCH = YES;
				SDKROOT = iphoneos;
				SWIFT_ACTIVE_COMPILATION_CONDITIONS = "DEBUG $(inherited)";
				SWIFT_OPTIMIZATION_LEVEL = "-Onone";
			};
			name = Debug;
		};
		F5BF850B2B49EE8B007CC292 /* Release */ = {
			isa = XCBuildConfiguration;
			buildSettings = {
				ALWAYS_SEARCH_USER_PATHS = NO;
				ASSETCATALOG_COMPILER_GENERATE_SWIFT_ASSET_SYMBOL_EXTENSIONS = YES;
				CLANG_ANALYZER_NONNULL = YES;
				CLANG_ANALYZER_NUMBER_OBJECT_CONVERSION = YES_AGGRESSIVE;
				CLANG_CXX_LANGUAGE_STANDARD = "gnu++20";
				CLANG_ENABLE_MODULES = YES;
				CLANG_ENABLE_OBJC_ARC = YES;
				CLANG_ENABLE_OBJC_WEAK = YES;
				CLANG_WARN_BLOCK_CAPTURE_AUTORELEASING = YES;
				CLANG_WARN_BOOL_CONVERSION = YES;
				CLANG_WARN_COMMA = YES;
				CLANG_WARN_CONSTANT_CONVERSION = YES;
				CLANG_WARN_DEPRECATED_OBJC_IMPLEMENTATIONS = YES;
				CLANG_WARN_DIRECT_OBJC_ISA_USAGE = YES_ERROR;
				CLANG_WARN_DOCUMENTATION_COMMENTS = YES;
				CLANG_WARN_EMPTY_BODY = YES;
				CLANG_WARN_ENUM_CONVERSION = YES;
				CLANG_WARN_INFINITE_RECURSION = YES;
				CLANG_WARN_INT_CONVERSION = YES;
				CLANG_WARN_NON_LITERAL_NULL_CONVERSION = YES;
				CLANG_WARN_OBJC_IMPLICIT_RETAIN_SELF = YES;
				CLANG_WARN_OBJC_LITERAL_CONVERSION = YES;
				CLANG_WARN_OBJC_ROOT_CLASS = YES_ERROR;
				CLANG_WARN_QUOTED_INCLUDE_IN_FRAMEWORK_HEADER = YES;
				CLANG_WARN_RANGE_LOOP_ANALYSIS = YES;
				CLANG_WARN_STRICT_PROTOTYPES = YES;
				CLANG_WARN_SUSPICIOUS_MOVE = YES;
				CLANG_WARN_UNGUARDED_AVAILABILITY = YES_AGGRESSIVE;
				CLANG_WARN_UNREACHABLE_CODE = YES;
				CLANG_WARN__DUPLICATE_METHOD_MATCH = YES;
				COPY_PHASE_STRIP = NO;
				DEBUG_INFORMATION_FORMAT = "dwarf-with-dsym";
				ENABLE_NS_ASSERTIONS = NO;
				ENABLE_STRICT_OBJC_MSGSEND = YES;
				ENABLE_USER_SCRIPT_SANDBOXING = YES;
				GCC_C_LANGUAGE_STANDARD = gnu17;
				GCC_NO_COMMON_BLOCKS = YES;
				GCC_WARN_64_TO_32_BIT_CONVERSION = YES;
				GCC_WARN_ABOUT_RETURN_TYPE = YES_ERROR;
				GCC_WARN_UNDECLARED_SELECTOR = YES;
				GCC_WARN_UNINITIALIZED_AUTOS = YES_AGGRESSIVE;
				GCC_WARN_UNUSED_FUNCTION = YES;
				GCC_WARN_UNUSED_VARIABLE = YES;
				IPHONEOS_DEPLOYMENT_TARGET = 13.0;
				LOCALIZATION_PREFERS_STRING_CATALOGS = YES;
				MTL_ENABLE_DEBUG_INFO = NO;
				MTL_FAST_MATH = YES;
				SDKROOT = iphoneos;
				SWIFT_COMPILATION_MODE = wholemodule;
				VALIDATE_PRODUCT = YES;
			};
			name = Release;
		};
		F5BF850D2B49EE8B007CC292 /* Debug */ = {
			isa = XCBuildConfiguration;
			buildSettings = {
				ASSETCATALOG_COMPILER_APPICON_NAME = AppIcon;
				ASSETCATALOG_COMPILER_GLOBAL_ACCENT_COLOR_NAME = AccentColor;
				CODE_SIGN_STYLE = Automatic;
				CURRENT_PROJECT_VERSION = 1;
				DEVELOPMENT_TEAM = WTG2YTFRGL;
				GENERATE_INFOPLIST_FILE = YES;
				INFOPLIST_FILE = ImageFeed/Info.plist;
				INFOPLIST_KEY_UIApplicationSupportsIndirectInputEvents = YES;
				INFOPLIST_KEY_UILaunchStoryboardName = LaunchScreen.storyboard;
				INFOPLIST_KEY_UISupportedInterfaceOrientations = UIInterfaceOrientationPortrait;
				IPHONEOS_DEPLOYMENT_TARGET = 13.0;
				LD_RUNPATH_SEARCH_PATHS = (
					"$(inherited)",
					"@executable_path/Frameworks",
				);
				MARKETING_VERSION = 1.0;
				PRODUCT_BUNDLE_IDENTIFIER = com.kalmahik.ImageFeed;
				PRODUCT_NAME = "$(TARGET_NAME)";
				SUPPORTED_PLATFORMS = "iphoneos iphonesimulator";
				SUPPORTS_MACCATALYST = NO;
				SUPPORTS_MAC_DESIGNED_FOR_IPHONE_IPAD = NO;
				SUPPORTS_XR_DESIGNED_FOR_IPHONE_IPAD = NO;
				SWIFT_EMIT_LOC_STRINGS = YES;
				SWIFT_VERSION = 5.0;
				TARGETED_DEVICE_FAMILY = 1;
			};
			name = Debug;
		};
		F5BF850E2B49EE8B007CC292 /* Release */ = {
			isa = XCBuildConfiguration;
			buildSettings = {
				ASSETCATALOG_COMPILER_APPICON_NAME = AppIcon;
				ASSETCATALOG_COMPILER_GLOBAL_ACCENT_COLOR_NAME = AccentColor;
				CODE_SIGN_STYLE = Automatic;
				CURRENT_PROJECT_VERSION = 1;
				DEVELOPMENT_TEAM = WTG2YTFRGL;
				GENERATE_INFOPLIST_FILE = YES;
				INFOPLIST_FILE = ImageFeed/Info.plist;
				INFOPLIST_KEY_UIApplicationSupportsIndirectInputEvents = YES;
				INFOPLIST_KEY_UILaunchStoryboardName = LaunchScreen.storyboard;
				INFOPLIST_KEY_UISupportedInterfaceOrientations = UIInterfaceOrientationPortrait;
				IPHONEOS_DEPLOYMENT_TARGET = 13.0;
				LD_RUNPATH_SEARCH_PATHS = (
					"$(inherited)",
					"@executable_path/Frameworks",
				);
				MARKETING_VERSION = 1.0;
				PRODUCT_BUNDLE_IDENTIFIER = com.kalmahik.ImageFeed;
				PRODUCT_NAME = "$(TARGET_NAME)";
				SUPPORTED_PLATFORMS = "iphoneos iphonesimulator";
				SUPPORTS_MACCATALYST = NO;
				SUPPORTS_MAC_DESIGNED_FOR_IPHONE_IPAD = NO;
				SUPPORTS_XR_DESIGNED_FOR_IPHONE_IPAD = NO;
				SWIFT_EMIT_LOC_STRINGS = YES;
				SWIFT_VERSION = 5.0;
				TARGETED_DEVICE_FAMILY = 1;
			};
			name = Release;
		};
/* End XCBuildConfiguration section */

/* Begin XCConfigurationList section */
		F5BF84F32B49EE89007CC292 /* Build configuration list for PBXProject "ImageFeed" */ = {
			isa = XCConfigurationList;
			buildConfigurations = (
				F5BF850A2B49EE8B007CC292 /* Debug */,
				F5BF850B2B49EE8B007CC292 /* Release */,
			);
			defaultConfigurationIsVisible = 0;
			defaultConfigurationName = Release;
		};
		F5BF850C2B49EE8B007CC292 /* Build configuration list for PBXNativeTarget "ImageFeed" */ = {
			isa = XCConfigurationList;
			buildConfigurations = (
				F5BF850D2B49EE8B007CC292 /* Debug */,
				F5BF850E2B49EE8B007CC292 /* Release */,
			);
			defaultConfigurationIsVisible = 0;
			defaultConfigurationName = Release;
		};
/* End XCConfigurationList section */

/* Begin XCRemoteSwiftPackageReference section */
		F58494842B83CBFC004EA7F5 /* XCRemoteSwiftPackageReference "ProgressHUD" */ = {
			isa = XCRemoteSwiftPackageReference;
			repositoryURL = "https://github.com/relatedcode/ProgressHUD";
			requirement = {
				kind = upToNextMajorVersion;
				minimumVersion = 14.1.1;
			};
		};
/* End XCRemoteSwiftPackageReference section */

/* Begin XCSwiftPackageProductDependency section */
		F58494852B83CBFC004EA7F5 /* ProgressHUD */ = {
			isa = XCSwiftPackageProductDependency;
			package = F58494842B83CBFC004EA7F5 /* XCRemoteSwiftPackageReference "ProgressHUD" */;
			productName = ProgressHUD;
		};
/* End XCSwiftPackageProductDependency section */
	};
	rootObject = F5BF84F02B49EE89007CC292 /* Project object */;
}
